
Microsoft Visual Studio Solution File, Format Version 12.00
# Visual Studio 14
VisualStudioVersion = 14.0.23107.0
MinimumVisualStudioVersion = 10.0.40219.1
Project("{FAE04EC0-301F-11D3-BF4B-00C04F79EFBC}") = "MuhammadTahaSheikhCMPE2300Ic11", "MuhammadTahaSheikhCMPE2300Ic11\MuhammadTahaSheikhCMPE2300Ic11.csproj", "{08788400-9C09-4EA6-8D19-2FF208D8FF79}"
EndProject
Global
	GlobalSection(SolutionConfigurationPlatforms) = preSolution
		Debug|Any CPU = Debug|Any CPU
		Release|Any CPU = Release|Any CPU
	EndGlobalSection
	GlobalSection(ProjectConfigurationPlatforms) = postSolution
		{08788400-9C09-4EA6-8D19-2FF208D8FF79}.Debug|Any CPU.ActiveCfg = Debug|Any CPU
		{08788400-9C09-4EA6-8D19-2FF208D8FF79}.Debug|Any CPU.Build.0 = Debug|Any CPU
		{08788400-9C09-4EA6-8D19-2FF208D8FF79}.Release|Any CPU.ActiveCfg = Release|Any CPU
		{08788400-9C09-4EA6-8D19-2FF208D8FF79}.Release|Any CPU.Build.0 = Release|Any CPU
	EndGlobalSection
	GlobalSection(SolutionProperties) = preSolution
		HideSolutionNode = FALSE
	EndGlobalSection
EndGlobal
