
Microsoft Visual Studio Solution File, Format Version 12.00
# Visual Studio 14
VisualStudioVersion = 14.0.23107.0
MinimumVisualStudioVersion = 10.0.40219.1
Project("{FAE04EC0-301F-11D3-BF4B-00C04F79EFBC}") = "MuhammadTahaSheikhCMPE2300Ica7", "MuhammadTahaSheikhCMPE2300Ica7\MuhammadTahaSheikhCMPE2300Ica7.csproj", "{F3E5929D-A26D-41B2-A26A-B30E5C2AE924}"
EndProject
Global
	GlobalSection(SolutionConfigurationPlatforms) = preSolution
		Debug|Any CPU = Debug|Any CPU
		Release|Any CPU = Release|Any CPU
	EndGlobalSection
	GlobalSection(ProjectConfigurationPlatforms) = postSolution
		{F3E5929D-A26D-41B2-A26A-B30E5C2AE924}.Debug|Any CPU.ActiveCfg = Debug|Any CPU
		{F3E5929D-A26D-41B2-A26A-B30E5C2AE924}.Debug|Any CPU.Build.0 = Debug|Any CPU
		{F3E5929D-A26D-41B2-A26A-B30E5C2AE924}.Release|Any CPU.ActiveCfg = Release|Any CPU
		{F3E5929D-A26D-41B2-A26A-B30E5C2AE924}.Release|Any CPU.Build.0 = Release|Any CPU
	EndGlobalSection
	GlobalSection(SolutionProperties) = preSolution
		HideSolutionNode = FALSE
	EndGlobalSection
EndGlobal
