
Microsoft Visual Studio Solution File, Format Version 12.00
# Visual Studio 14
VisualStudioVersion = 14.0.24720.0
MinimumVisualStudioVersion = 10.0.40219.1
Project("{FAE04EC0-301F-11D3-BF4B-00C04F79EFBC}") = "JustBlog", "JustBlog\JustBlog.csproj", "{DB6C35DE-0A20-498A-8474-598661C628BB}"
EndProject
Project("{FAE04EC0-301F-11D3-BF4B-00C04F79EFBC}") = "JustBlog.Core", "JustBlog.Core\JustBlog.Core.csproj", "{04794493-1D63-4D13-B787-ABE2C0FC68D6}"
EndProject
Global
	GlobalSection(SolutionConfigurationPlatforms) = preSolution
		Debug|Any CPU = Debug|Any CPU
		Release|Any CPU = Release|Any CPU
	EndGlobalSection
	GlobalSection(ProjectConfigurationPlatforms) = postSolution
		{DB6C35DE-0A20-498A-8474-598661C628BB}.Debug|Any CPU.ActiveCfg = Debug|Any CPU
		{DB6C35DE-0A20-498A-8474-598661C628BB}.Debug|Any CPU.Build.0 = Debug|Any CPU
		{DB6C35DE-0A20-498A-8474-598661C628BB}.Release|Any CPU.ActiveCfg = Release|Any CPU
		{DB6C35DE-0A20-498A-8474-598661C628BB}.Release|Any CPU.Build.0 = Release|Any CPU
		{04794493-1D63-4D13-B787-ABE2C0FC68D6}.Debug|Any CPU.ActiveCfg = Debug|Any CPU
		{04794493-1D63-4D13-B787-ABE2C0FC68D6}.Debug|Any CPU.Build.0 = Debug|Any CPU
		{04794493-1D63-4D13-B787-ABE2C0FC68D6}.Release|Any CPU.ActiveCfg = Release|Any CPU
		{04794493-1D63-4D13-B787-ABE2C0FC68D6}.Release|Any CPU.Build.0 = Release|Any CPU
	EndGlobalSection
	GlobalSection(SolutionProperties) = preSolution
		HideSolutionNode = FALSE
	EndGlobalSection
EndGlobal
