
Microsoft Visual Studio Solution File, Format Version 12.00
# Visual Studio 14
VisualStudioVersion = 14.0.24720.0
MinimumVisualStudioVersion = 10.0.40219.1
Project("{FAE04EC0-301F-11D3-BF4B-00C04F79EFBC}") = "ServerMultiDraw", "ServerMultiDraw\ServerMultiDraw.csproj", "{0102BCB0-CC1E-4B20-8F1B-96CB19AE271D}"
EndProject
Project("{FAE04EC0-301F-11D3-BF4B-00C04F79EFBC}") = "genericSocket", "genericSocket\genericSocket.csproj", "{8D2652F4-A246-430E-BB35-0980E1844486}"
EndProject
Project("{2150E333-8FDC-42A3-9474-1A3956D46DE8}") = "Solution Items", "Solution Items", "{9D1A8AAB-3B21-4AC8-9CB0-DABB058F8705}"
	ProjectSection(SolutionItems) = preProject
		mdtypes.dll = mdtypes.dll
	EndProjectSection
EndProject
Global
	GlobalSection(SubversionScc) = preSolution
		Svn-Managed = True
		Manager = AnkhSVN - Subversion Support for Visual Studio
	EndGlobalSection
	GlobalSection(SolutionConfigurationPlatforms) = preSolution
		Debug|Any CPU = Debug|Any CPU
		Release|Any CPU = Release|Any CPU
	EndGlobalSection
	GlobalSection(ProjectConfigurationPlatforms) = postSolution
		{0102BCB0-CC1E-4B20-8F1B-96CB19AE271D}.Debug|Any CPU.ActiveCfg = Debug|Any CPU
		{0102BCB0-CC1E-4B20-8F1B-96CB19AE271D}.Debug|Any CPU.Build.0 = Debug|Any CPU
		{0102BCB0-CC1E-4B20-8F1B-96CB19AE271D}.Release|Any CPU.ActiveCfg = Release|Any CPU
		{0102BCB0-CC1E-4B20-8F1B-96CB19AE271D}.Release|Any CPU.Build.0 = Release|Any CPU
		{8D2652F4-A246-430E-BB35-0980E1844486}.Debug|Any CPU.ActiveCfg = Debug|Any CPU
		{8D2652F4-A246-430E-BB35-0980E1844486}.Debug|Any CPU.Build.0 = Debug|Any CPU
		{8D2652F4-A246-430E-BB35-0980E1844486}.Release|Any CPU.ActiveCfg = Release|Any CPU
		{8D2652F4-A246-430E-BB35-0980E1844486}.Release|Any CPU.Build.0 = Release|Any CPU
	EndGlobalSection
	GlobalSection(SolutionProperties) = preSolution
		HideSolutionNode = FALSE
	EndGlobalSection
EndGlobal
